
Microsoft Visual Studio Solution File, Format Version 12.00
# Visual Studio Version 17
VisualStudioVersion = 17.0.31903.59
MinimumVisualStudioVersion = 10.0.40219.1
Project("{2150E333-8FDC-42A3-9474-1A3956D46DE8}") = "src", "src", "{FF1F7A90-83DC-43AB-9DA3-24E0BADDF737}"
EndProject
Project("{2150E333-8FDC-42A3-9474-1A3956D46DE8}") = "test", "test", "{1259D6F3-A64B-4D21-8DAC-0430CE57F718}"
EndProject
Project("{9A19103F-16F7-4668-BE54-9A1E7A4F7556}") = "Featurize", "src\Featurize\Featurize.csproj", "{B9795D32-16AD-444B-A6F9-0C4026F6B265}"
EndProject
Project("{9A19103F-16F7-4668-BE54-9A1E7A4F7556}") = "Featurize.AspNetCore", "src\Featurize.AspNetCore\Featurize.AspNetCore.csproj", "{364C1C01-C1AD-4968-A28D-20BDFC6F67FD}"
EndProject
Project("{9A19103F-16F7-4668-BE54-9A1E7A4F7556}") = "Featurize.AspNetCore.WebAssembly", "src\Featurize.AspNetCore.WebAssembly\Featurize.AspNetCore.WebAssembly.csproj", "{3A5F206B-F470-44FA-A2A8-34CCF15ACDAA}"
EndProject
Project("{9A19103F-16F7-4668-BE54-9A1E7A4F7556}") = "Featurize.AspNetCore.Tests", "test\Featurize.AspNetCore\Featurize.AspNetCore.Tests.csproj", "{709B98CB-EB36-4165-94A7-07CD49E9A4C1}"
EndProject
Project("{9A19103F-16F7-4668-BE54-9A1E7A4F7556}") = "Featurize.ConsoleApp", "src\Featurize.Console\Featurize.ConsoleApp.csproj", "{17029B69-5E1D-42EF-9985-B33812E74702}"
EndProject
Project("{9A19103F-16F7-4668-BE54-9A1E7A4F7556}") = "Featurize.Tests", "test\Featurize.Tests\Featurize.Tests.csproj", "{B1F758A4-4ABC-45BE-A5CC-86C6BBE3C4F7}"
EndProject
Project("{2150E333-8FDC-42A3-9474-1A3956D46DE8}") = "props", "props", "{95243A1D-8995-4707-83FA-C70E7BF29539}"
	ProjectSection(SolutionItems) = preProject
		props\common.props = props\common.props
		props\package.props = props\package.props
	EndProjectSection
EndProject
Global
	GlobalSection(SolutionConfigurationPlatforms) = preSolution
		Debug|Any CPU = Debug|Any CPU
		Release|Any CPU = Release|Any CPU
	EndGlobalSection
	GlobalSection(ProjectConfigurationPlatforms) = postSolution
		{B9795D32-16AD-444B-A6F9-0C4026F6B265}.Debug|Any CPU.ActiveCfg = Debug|Any CPU
		{B9795D32-16AD-444B-A6F9-0C4026F6B265}.Debug|Any CPU.Build.0 = Debug|Any CPU
		{B9795D32-16AD-444B-A6F9-0C4026F6B265}.Release|Any CPU.ActiveCfg = Release|Any CPU
		{B9795D32-16AD-444B-A6F9-0C4026F6B265}.Release|Any CPU.Build.0 = Release|Any CPU
		{364C1C01-C1AD-4968-A28D-20BDFC6F67FD}.Debug|Any CPU.ActiveCfg = Debug|Any CPU
		{364C1C01-C1AD-4968-A28D-20BDFC6F67FD}.Debug|Any CPU.Build.0 = Debug|Any CPU
		{364C1C01-C1AD-4968-A28D-20BDFC6F67FD}.Release|Any CPU.ActiveCfg = Release|Any CPU
		{364C1C01-C1AD-4968-A28D-20BDFC6F67FD}.Release|Any CPU.Build.0 = Release|Any CPU
		{3A5F206B-F470-44FA-A2A8-34CCF15ACDAA}.Debug|Any CPU.ActiveCfg = Debug|Any CPU
		{3A5F206B-F470-44FA-A2A8-34CCF15ACDAA}.Debug|Any CPU.Build.0 = Debug|Any CPU
		{3A5F206B-F470-44FA-A2A8-34CCF15ACDAA}.Release|Any CPU.ActiveCfg = Release|Any CPU
		{3A5F206B-F470-44FA-A2A8-34CCF15ACDAA}.Release|Any CPU.Build.0 = Release|Any CPU
		{709B98CB-EB36-4165-94A7-07CD49E9A4C1}.Debug|Any CPU.ActiveCfg = Debug|Any CPU
		{709B98CB-EB36-4165-94A7-07CD49E9A4C1}.Debug|Any CPU.Build.0 = Debug|Any CPU
		{709B98CB-EB36-4165-94A7-07CD49E9A4C1}.Release|Any CPU.ActiveCfg = Release|Any CPU
		{709B98CB-EB36-4165-94A7-07CD49E9A4C1}.Release|Any CPU.Build.0 = Release|Any CPU
		{17029B69-5E1D-42EF-9985-B33812E74702}.Debug|Any CPU.ActiveCfg = Debug|Any CPU
		{17029B69-5E1D-42EF-9985-B33812E74702}.Debug|Any CPU.Build.0 = Debug|Any CPU
		{17029B69-5E1D-42EF-9985-B33812E74702}.Release|Any CPU.ActiveCfg = Release|Any CPU
		{17029B69-5E1D-42EF-9985-B33812E74702}.Release|Any CPU.Build.0 = Release|Any CPU
		{B1F758A4-4ABC-45BE-A5CC-86C6BBE3C4F7}.Debug|Any CPU.ActiveCfg = Debug|Any CPU
		{B1F758A4-4ABC-45BE-A5CC-86C6BBE3C4F7}.Debug|Any CPU.Build.0 = Debug|Any CPU
		{B1F758A4-4ABC-45BE-A5CC-86C6BBE3C4F7}.Release|Any CPU.ActiveCfg = Release|Any CPU
		{B1F758A4-4ABC-45BE-A5CC-86C6BBE3C4F7}.Release|Any CPU.Build.0 = Release|Any CPU
	EndGlobalSection
	GlobalSection(SolutionProperties) = preSolution
		HideSolutionNode = FALSE
	EndGlobalSection
	GlobalSection(NestedProjects) = preSolution
		{B9795D32-16AD-444B-A6F9-0C4026F6B265} = {FF1F7A90-83DC-43AB-9DA3-24E0BADDF737}
		{364C1C01-C1AD-4968-A28D-20BDFC6F67FD} = {FF1F7A90-83DC-43AB-9DA3-24E0BADDF737}
		{3A5F206B-F470-44FA-A2A8-34CCF15ACDAA} = {FF1F7A90-83DC-43AB-9DA3-24E0BADDF737}
		{709B98CB-EB36-4165-94A7-07CD49E9A4C1} = {1259D6F3-A64B-4D21-8DAC-0430CE57F718}
		{17029B69-5E1D-42EF-9985-B33812E74702} = {FF1F7A90-83DC-43AB-9DA3-24E0BADDF737}
		{B1F758A4-4ABC-45BE-A5CC-86C6BBE3C4F7} = {1259D6F3-A64B-4D21-8DAC-0430CE57F718}
	EndGlobalSection
	GlobalSection(ExtensibilityGlobals) = postSolution
		SolutionGuid = {0BE8D887-99DE-4599-A14A-422AEE037345}
	EndGlobalSection
EndGlobal
